<?xml version="1.0" encoding="utf-8"?>
<Project ToolsVersion="4.0" xmlns="http://schemas.microsoft.com/developer/msbuild/2003">
  <ItemGroup>
    <Filter Include="src">
      <UniqueIdentifier>{663cbcf4-ce8e-49eb-9826-0676fba94350}</UniqueIdentifier>
      <Extensions>cpp;c;cxx;def;odl;idl;hpj;bat;asm</Extensions>
    </Filter>
    <Filter Include="inc">
      <UniqueIdentifier>{f5fcca0d-918b-46ba-bb91-2f2f9d9ddbba}</UniqueIdentifier>
      <Extensions>h;hpp;hxx;hm;inl;inc</Extensions>
    </Filter>
  </ItemGroup>
  <ItemGroup>
    <ClCompile Include="dns-sd.c">
      <Filter>src</Filter>
    </ClCompile>
    <ClCompile Include="ClientCommon.c">
      <Filter>src</Filter>
    </ClCompile>
  </ItemGroup>
  <ItemGroup>
    <ClInclude Include="ClientCommon.h">
      <Filter>inc</Filter>
    </ClInclude>
    <ClInclude Include="..\src\dns_sd.h">
      <Filter>inc</Filter>
    </ClInclude>
  </ItemGroup>
</Project>